
Microsoft Visual Studio Solution File, Format Version 12.00
# Visual Studio Version 16
VisualStudioVersion = 16.0.30104.148
MinimumVisualStudioVersion = 10.0.40219.1
Project("{FAE04EC0-301F-11D3-BF4B-00C04F79EFBC}") = "WhatToDoNext", "WhatToDoNext.csproj", "{802AE7C3-E0D1-43AB-80EA-526DE87553A9}"
EndProject
Global
	GlobalSection(SolutionConfigurationPlatforms) = preSolution
		Debug|Any CPU = Debug|Any CPU
		Release|Any CPU = Release|Any CPU
	EndGlobalSection
	GlobalSection(ProjectConfigurationPlatforms) = postSolution
		{802AE7C3-E0D1-43AB-80EA-526DE87553A9}.Debug|Any CPU.ActiveCfg = Debug|Any CPU
		{802AE7C3-E0D1-43AB-80EA-526DE87553A9}.Debug|Any CPU.Build.0 = Debug|Any CPU
		{802AE7C3-E0D1-43AB-80EA-526DE87553A9}.Release|Any CPU.ActiveCfg = Release|Any CPU
		{802AE7C3-E0D1-43AB-80EA-526DE87553A9}.Release|Any CPU.Build.0 = Release|Any CPU
	EndGlobalSection
	GlobalSection(SolutionProperties) = preSolution
		HideSolutionNode = FALSE
	EndGlobalSection
	GlobalSection(ExtensibilityGlobals) = postSolution
		SolutionGuid = {90A1F0A1-80B1-409B-8192-B9F328CF1E3F}
	EndGlobalSection
EndGlobal
